// !$*UTF8*$!
{
	archiveVersion = 1;
	classes = {
	};
	objectVersion = 46;
	objects = {

/* Begin PBXBuildFile section */
		AA2EE7781BCADD7500DD1948 /* main.m in Sources */ = {isa = PBXBuildFile; fileRef = AA2EE7771BCADD7500DD1948 /* main.m */; };
		AA2EE77B1BCADD7500DD1948 /* AppDelegate.m in Sources */ = {isa = PBXBuildFile; fileRef = AA2EE77A1BCADD7500DD1948 /* AppDelegate.m */; };
		AA2EE77E1BCADD7500DD1948 /* ViewController.m in Sources */ = {isa = PBXBuildFile; fileRef = AA2EE77D1BCADD7500DD1948 /* ViewController.m */; };
		AA2EE7811BCADD7500DD1948 /* Main.storyboard in Resources */ = {isa = PBXBuildFile; fileRef = AA2EE77F1BCADD7500DD1948 /* Main.storyboard */; };
		AA2EE7831BCADD7500DD1948 /* Assets.xcassets in Resources */ = {isa = PBXBuildFile; fileRef = AA2EE7821BCADD7500DD1948 /* Assets.xcassets */; };
		AA2EE7861BCADD7500DD1948 /* LaunchScreen.storyboard in Resources */ = {isa = PBXBuildFile; fileRef = AA2EE7841BCADD7500DD1948 /* LaunchScreen.storyboard */; };
		AA2EE7911BCADD7600DD1948 /* wisechoiceTests.m in Sources */ = {isa = PBXBuildFile; fileRef = AA2EE7901BCADD7600DD1948 /* wisechoiceTests.m */; };
		AA2EE79C1BCADD7600DD1948 /* wisechoiceUITests.m in Sources */ = {isa = PBXBuildFile; fileRef = AA2EE79B1BCADD7600DD1948 /* wisechoiceUITests.m */; };
		AA2EE7C31BCAF3B500DD1948 /* creditcard.plist in Resources */ = {isa = PBXBuildFile; fileRef = AA2EE7C21BCAF3B500DD1948 /* creditcard.plist */; settings = {ASSET_TAGS = (); }; };
		AA3E06571BD1D9C600BC78BB /* LocationViewController.m in Sources */ = {isa = PBXBuildFile; fileRef = AA3E06561BD1D9C600BC78BB /* LocationViewController.m */; settings = {ASSET_TAGS = (); COMPILER_FLAGS = "-D'FOURSQUARE_CLIENT_ID=@\"$(FOURSQUARE_CLIENT_ID)\"' -D'FOURSQUARE_CALLBACK_URL=@\"$(FOURSQUARE_CALLBACK_URL)\"' -D'FOURSQUARE_CLIENT_SECRET=@\"$(FOURSQUARE_CLIENT_SECRET)\"'"; }; };
		AA59A15E1BCD5D82009BF63B /* card1.png in Resources */ = {isa = PBXBuildFile; fileRef = AA59A1531BCD5D82009BF63B /* card1.png */; settings = {ASSET_TAGS = (); }; };
		AA59A15F1BCD5D82009BF63B /* card2.png in Resources */ = {isa = PBXBuildFile; fileRef = AA59A1541BCD5D82009BF63B /* card2.png */; settings = {ASSET_TAGS = (); }; };
		AA59A1601BCD5D82009BF63B /* card3.png in Resources */ = {isa = PBXBuildFile; fileRef = AA59A1551BCD5D82009BF63B /* card3.png */; settings = {ASSET_TAGS = (); }; };
		AA59A1611BCD5D82009BF63B /* card4.png in Resources */ = {isa = PBXBuildFile; fileRef = AA59A1561BCD5D82009BF63B /* card4.png */; settings = {ASSET_TAGS = (); }; };
		AA59A1621BCD5D82009BF63B /* card5.png in Resources */ = {isa = PBXBuildFile; fileRef = AA59A1571BCD5D82009BF63B /* card5.png */; settings = {ASSET_TAGS = (); }; };
		AA59A1631BCD5D82009BF63B /* card6.png in Resources */ = {isa = PBXBuildFile; fileRef = AA59A1581BCD5D82009BF63B /* card6.png */; settings = {ASSET_TAGS = (); }; };
		AA59A1641BCD5D82009BF63B /* card7.png in Resources */ = {isa = PBXBuildFile; fileRef = AA59A1591BCD5D82009BF63B /* card7.png */; settings = {ASSET_TAGS = (); }; };
		AA59A1651BCD5D82009BF63B /* card8.png in Resources */ = {isa = PBXBuildFile; fileRef = AA59A15A1BCD5D82009BF63B /* card8.png */; settings = {ASSET_TAGS = (); }; };
		AA59A1661BCD5D82009BF63B /* card9.png in Resources */ = {isa = PBXBuildFile; fileRef = AA59A15B1BCD5D82009BF63B /* card9.png */; settings = {ASSET_TAGS = (); }; };
		AA59A1671BCD5D82009BF63B /* card10.png in Resources */ = {isa = PBXBuildFile; fileRef = AA59A15C1BCD5D82009BF63B /* card10.png */; settings = {ASSET_TAGS = (); }; };
		AA59A1681BCD5D82009BF63B /* card11.png in Resources */ = {isa = PBXBuildFile; fileRef = AA59A15D1BCD5D82009BF63B /* card11.png */; settings = {ASSET_TAGS = (); }; };
		AA59A16C1BCD8690009BF63B /* right.png in Resources */ = {isa = PBXBuildFile; fileRef = AA59A16B1BCD8690009BF63B /* right.png */; settings = {ASSET_TAGS = (); }; };
		AA59A1701BCEB7C4009BF63B /* chase_logo.png in Resources */ = {isa = PBXBuildFile; fileRef = AA59A16E1BCEB7C4009BF63B /* chase_logo.png */; settings = {ASSET_TAGS = (); }; };
		AA59A1711BCEB7C4009BF63B /* bank_logo.png in Resources */ = {isa = PBXBuildFile; fileRef = AA59A16F1BCEB7C4009BF63B /* bank_logo.png */; settings = {ASSET_TAGS = (); }; };
		AA59A1741BCED01F009BF63B /* CollectionReusableView.m in Sources */ = {isa = PBXBuildFile; fileRef = AA59A1731BCED01F009BF63B /* CollectionReusableView.m */; settings = {ASSET_TAGS = (); }; };
		AA59A1761BCED933009BF63B /* citi_logo.jpeg in Resources */ = {isa = PBXBuildFile; fileRef = AA59A1751BCED933009BF63B /* citi_logo.jpeg */; settings = {ASSET_TAGS = (); }; };
		AA7A03631BD56A1A008E4C69 /* CoreGraphics.framework in Frameworks */ = {isa = PBXBuildFile; fileRef = AA7A03621BD56A1A008E4C69 /* CoreGraphics.framework */; };
		AA7A03651BD56A2E008E4C69 /* Foundation.framework in Frameworks */ = {isa = PBXBuildFile; fileRef = AA7A03641BD56A2E008E4C69 /* Foundation.framework */; };
		AA7A03671BD56A38008E4C69 /* MobileCoreServices.framework in Frameworks */ = {isa = PBXBuildFile; fileRef = AA7A03661BD56A38008E4C69 /* MobileCoreServices.framework */; };
		AA7A03691BD56A48008E4C69 /* UIKit.framework in Frameworks */ = {isa = PBXBuildFile; fileRef = AA7A03681BD56A48008E4C69 /* UIKit.framework */; };
		CDFC30742DC0C9C6C6185771 /* libPods.a in Frameworks */ = {isa = PBXBuildFile; fileRef = 5A6E325869B026C5B8B1905B /* libPods.a */; };
/* End PBXBuildFile section */

/* Begin PBXContainerItemProxy section */
		AA2EE78D1BCADD7600DD1948 /* PBXContainerItemProxy */ = {
			isa = PBXContainerItemProxy;
			containerPortal = AA2EE76B1BCADD7500DD1948 /* Project object */;
			proxyType = 1;
			remoteGlobalIDString = AA2EE7721BCADD7500DD1948;
			remoteInfo = wisechoice;
		};
		AA2EE7981BCADD7600DD1948 /* PBXContainerItemProxy */ = {
			isa = PBXContainerItemProxy;
			containerPortal = AA2EE76B1BCADD7500DD1948 /* Project object */;
			proxyType = 1;
			remoteGlobalIDString = AA2EE7721BCADD7500DD1948;
			remoteInfo = wisechoice;
		};
/* End PBXContainerItemProxy section */

/* Begin PBXFileReference section */
		32F20B89215F7C063EF36AFE /* Pods.release.xcconfig */ = {isa = PBXFileReference; includeInIndex = 1; lastKnownFileType = text.xcconfig; name = Pods.release.xcconfig; path = "Pods/Target Support Files/Pods/Pods.release.xcconfig"; sourceTree = "<group>"; };
		5A6E325869B026C5B8B1905B /* libPods.a */ = {isa = PBXFileReference; explicitFileType = archive.ar; includeInIndex = 0; path = libPods.a; sourceTree = BUILT_PRODUCTS_DIR; };
		AA29DF711BD563A3007FD1BB /* libFoursquare-iOS-API.a */ = {isa = PBXFileReference; lastKnownFileType = archive.ar; name = "libFoursquare-iOS-API.a"; path = "Pods/../build/Debug-iphoneos/libFoursquare-iOS-API.a"; sourceTree = "<group>"; };
		AA2EE7731BCADD7500DD1948 /* wisechoice.app */ = {isa = PBXFileReference; explicitFileType = wrapper.application; includeInIndex = 0; path = wisechoice.app; sourceTree = BUILT_PRODUCTS_DIR; };
		AA2EE7771BCADD7500DD1948 /* main.m */ = {isa = PBXFileReference; lastKnownFileType = sourcecode.c.objc; path = main.m; sourceTree = "<group>"; };
		AA2EE7791BCADD7500DD1948 /* AppDelegate.h */ = {isa = PBXFileReference; lastKnownFileType = sourcecode.c.h; path = AppDelegate.h; sourceTree = "<group>"; };
		AA2EE77A1BCADD7500DD1948 /* AppDelegate.m */ = {isa = PBXFileReference; lastKnownFileType = sourcecode.c.objc; path = AppDelegate.m; sourceTree = "<group>"; };
		AA2EE77C1BCADD7500DD1948 /* ViewController.h */ = {isa = PBXFileReference; lastKnownFileType = sourcecode.c.h; path = ViewController.h; sourceTree = "<group>"; };
		AA2EE77D1BCADD7500DD1948 /* ViewController.m */ = {isa = PBXFileReference; lastKnownFileType = sourcecode.c.objc; path = ViewController.m; sourceTree = "<group>"; };
		AA2EE7801BCADD7500DD1948 /* Base */ = {isa = PBXFileReference; lastKnownFileType = file.storyboard; name = Base; path = Base.lproj/Main.storyboard; sourceTree = "<group>"; };
		AA2EE7821BCADD7500DD1948 /* Assets.xcassets */ = {isa = PBXFileReference; lastKnownFileType = folder.assetcatalog; path = Assets.xcassets; sourceTree = "<group>"; };
		AA2EE7851BCADD7500DD1948 /* Base */ = {isa = PBXFileReference; lastKnownFileType = file.storyboard; name = Base; path = Base.lproj/LaunchScreen.storyboard; sourceTree = "<group>"; };
		AA2EE7871BCADD7500DD1948 /* Info.plist */ = {isa = PBXFileReference; lastKnownFileType = text.plist.xml; path = Info.plist; sourceTree = "<group>"; };
		AA2EE78C1BCADD7600DD1948 /* wisechoiceTests.xctest */ = {isa = PBXFileReference; explicitFileType = wrapper.cfbundle; includeInIndex = 0; path = wisechoiceTests.xctest; sourceTree = BUILT_PRODUCTS_DIR; };
		AA2EE7901BCADD7600DD1948 /* wisechoiceTests.m */ = {isa = PBXFileReference; lastKnownFileType = sourcecode.c.objc; path = wisechoiceTests.m; sourceTree = "<group>"; };
		AA2EE7921BCADD7600DD1948 /* Info.plist */ = {isa = PBXFileReference; lastKnownFileType = text.plist.xml; path = Info.plist; sourceTree = "<group>"; };
		AA2EE7971BCADD7600DD1948 /* wisechoiceUITests.xctest */ = {isa = PBXFileReference; explicitFileType = wrapper.cfbundle; includeInIndex = 0; path = wisechoiceUITests.xctest; sourceTree = BUILT_PRODUCTS_DIR; };
		AA2EE79B1BCADD7600DD1948 /* wisechoiceUITests.m */ = {isa = PBXFileReference; lastKnownFileType = sourcecode.c.objc; path = wisechoiceUITests.m; sourceTree = "<group>"; };
		AA2EE79D1BCADD7600DD1948 /* Info.plist */ = {isa = PBXFileReference; lastKnownFileType = text.plist.xml; path = Info.plist; sourceTree = "<group>"; };
		AA2EE7C21BCAF3B500DD1948 /* creditcard.plist */ = {isa = PBXFileReference; fileEncoding = 4; lastKnownFileType = text.plist.xml; path = creditcard.plist; sourceTree = "<group>"; };
		AA3E06551BD1D9C600BC78BB /* LocationViewController.h */ = {isa = PBXFileReference; fileEncoding = 4; lastKnownFileType = sourcecode.c.h; path = LocationViewController.h; sourceTree = "<group>"; };
		AA3E06561BD1D9C600BC78BB /* LocationViewController.m */ = {isa = PBXFileReference; fileEncoding = 4; lastKnownFileType = sourcecode.c.objc; path = LocationViewController.m; sourceTree = "<group>"; };
		AA59A1531BCD5D82009BF63B /* card1.png */ = {isa = PBXFileReference; lastKnownFileType = image.png; path = card1.png; sourceTree = "<group>"; };
		AA59A1541BCD5D82009BF63B /* card2.png */ = {isa = PBXFileReference; lastKnownFileType = image.png; path = card2.png; sourceTree = "<group>"; };
		AA59A1551BCD5D82009BF63B /* card3.png */ = {isa = PBXFileReference; lastKnownFileType = image.png; path = card3.png; sourceTree = "<group>"; };
		AA59A1561BCD5D82009BF63B /* card4.png */ = {isa = PBXFileReference; lastKnownFileType = image.png; path = card4.png; sourceTree = "<group>"; };
		AA59A1571BCD5D82009BF63B /* card5.png */ = {isa = PBXFileReference; lastKnownFileType = image.png; path = card5.png; sourceTree = "<group>"; };
		AA59A1581BCD5D82009BF63B /* card6.png */ = {isa = PBXFileReference; lastKnownFileType = image.png; path = card6.png; sourceTree = "<group>"; };
		AA59A1591BCD5D82009BF63B /* card7.png */ = {isa = PBXFileReference; lastKnownFileType = image.png; path = card7.png; sourceTree = "<group>"; };
		AA59A15A1BCD5D82009BF63B /* card8.png */ = {isa = PBXFileReference; lastKnownFileType = image.png; path = card8.png; sourceTree = "<group>"; };
		AA59A15B1BCD5D82009BF63B /* card9.png */ = {isa = PBXFileReference; lastKnownFileType = image.png; path = card9.png; sourceTree = "<group>"; };
		AA59A15C1BCD5D82009BF63B /* card10.png */ = {isa = PBXFileReference; lastKnownFileType = image.png; path = card10.png; sourceTree = "<group>"; };
		AA59A15D1BCD5D82009BF63B /* card11.png */ = {isa = PBXFileReference; lastKnownFileType = image.png; path = card11.png; sourceTree = "<group>"; };
		AA59A16B1BCD8690009BF63B /* right.png */ = {isa = PBXFileReference; lastKnownFileType = image.png; path = right.png; sourceTree = "<group>"; };
		AA59A16E1BCEB7C4009BF63B /* chase_logo.png */ = {isa = PBXFileReference; lastKnownFileType = image.png; path = chase_logo.png; sourceTree = "<group>"; };
		AA59A16F1BCEB7C4009BF63B /* bank_logo.png */ = {isa = PBXFileReference; lastKnownFileType = image.png; path = bank_logo.png; sourceTree = "<group>"; };
		AA59A1721BCED01F009BF63B /* CollectionReusableView.h */ = {isa = PBXFileReference; fileEncoding = 4; lastKnownFileType = sourcecode.c.h; path = CollectionReusableView.h; sourceTree = "<group>"; };
		AA59A1731BCED01F009BF63B /* CollectionReusableView.m */ = {isa = PBXFileReference; fileEncoding = 4; lastKnownFileType = sourcecode.c.objc; path = CollectionReusableView.m; sourceTree = "<group>"; };
		AA59A1751BCED933009BF63B /* citi_logo.jpeg */ = {isa = PBXFileReference; lastKnownFileType = image.jpeg; path = citi_logo.jpeg; sourceTree = "<group>"; };
		AA7A03621BD56A1A008E4C69 /* CoreGraphics.framework */ = {isa = PBXFileReference; lastKnownFileType = wrapper.framework; name = CoreGraphics.framework; path = System/Library/Frameworks/CoreGraphics.framework; sourceTree = SDKROOT; };
		AA7A03641BD56A2E008E4C69 /* Foundation.framework */ = {isa = PBXFileReference; lastKnownFileType = wrapper.framework; name = Foundation.framework; path = System/Library/Frameworks/Foundation.framework; sourceTree = SDKROOT; };
		AA7A03661BD56A38008E4C69 /* MobileCoreServices.framework */ = {isa = PBXFileReference; lastKnownFileType = wrapper.framework; name = MobileCoreServices.framework; path = System/Library/Frameworks/MobileCoreServices.framework; sourceTree = SDKROOT; };
		AA7A03681BD56A48008E4C69 /* UIKit.framework */ = {isa = PBXFileReference; lastKnownFileType = wrapper.framework; name = UIKit.framework; path = System/Library/Frameworks/UIKit.framework; sourceTree = SDKROOT; };
		F7A7B9747D9C27ED198BE81E /* Pods.debug.xcconfig */ = {isa = PBXFileReference; includeInIndex = 1; lastKnownFileType = text.xcconfig; name = Pods.debug.xcconfig; path = "Pods/Target Support Files/Pods/Pods.debug.xcconfig"; sourceTree = "<group>"; };
/* End PBXFileReference section */

/* Begin PBXFrameworksBuildPhase section */
		AA2EE7701BCADD7500DD1948 /* Frameworks */ = {
			isa = PBXFrameworksBuildPhase;
			buildActionMask = 2147483647;
			files = (
				AA7A03691BD56A48008E4C69 /* UIKit.framework in Frameworks */,
				AA7A03671BD56A38008E4C69 /* MobileCoreServices.framework in Frameworks */,
				AA7A03651BD56A2E008E4C69 /* Foundation.framework in Frameworks */,
				AA7A03631BD56A1A008E4C69 /* CoreGraphics.framework in Frameworks */,
				CDFC30742DC0C9C6C6185771 /* libPods.a in Frameworks */,
			);
			runOnlyForDeploymentPostprocessing = 0;
		};
		AA2EE7891BCADD7600DD1948 /* Frameworks */ = {
			isa = PBXFrameworksBuildPhase;
			buildActionMask = 2147483647;
			files = (
			);
			runOnlyForDeploymentPostprocessing = 0;
		};
		AA2EE7941BCADD7600DD1948 /* Frameworks */ = {
			isa = PBXFrameworksBuildPhase;
			buildActionMask = 2147483647;
			files = (
			);
			runOnlyForDeploymentPostprocessing = 0;
		};
/* End PBXFrameworksBuildPhase section */

/* Begin PBXGroup section */
		33EB14943B73B9118EC5CFAC /* Frameworks */ = {
			isa = PBXGroup;
			children = (
				AA7A03681BD56A48008E4C69 /* UIKit.framework */,
				AA7A03661BD56A38008E4C69 /* MobileCoreServices.framework */,
				AA7A03641BD56A2E008E4C69 /* Foundation.framework */,
				AA7A03621BD56A1A008E4C69 /* CoreGraphics.framework */,
				AA29DF711BD563A3007FD1BB /* libFoursquare-iOS-API.a */,
				5A6E325869B026C5B8B1905B /* libPods.a */,
			);
			name = Frameworks;
			sourceTree = "<group>";
		};
		A409C0215FE7AC57A9A88C2A /* Pods */ = {
			isa = PBXGroup;
			children = (
				F7A7B9747D9C27ED198BE81E /* Pods.debug.xcconfig */,
				32F20B89215F7C063EF36AFE /* Pods.release.xcconfig */,
			);
			name = Pods;
			sourceTree = "<group>";
		};
		AA2EE76A1BCADD7500DD1948 = {
			isa = PBXGroup;
			children = (
				AA2EE7751BCADD7500DD1948 /* wisechoice */,
				AA2EE78F1BCADD7600DD1948 /* wisechoiceTests */,
				AA2EE79A1BCADD7600DD1948 /* wisechoiceUITests */,
				AA2EE7741BCADD7500DD1948 /* Products */,
				A409C0215FE7AC57A9A88C2A /* Pods */,
				33EB14943B73B9118EC5CFAC /* Frameworks */,
			);
			sourceTree = "<group>";
		};
		AA2EE7741BCADD7500DD1948 /* Products */ = {
			isa = PBXGroup;
			children = (
				AA2EE7731BCADD7500DD1948 /* wisechoice.app */,
				AA2EE78C1BCADD7600DD1948 /* wisechoiceTests.xctest */,
				AA2EE7971BCADD7600DD1948 /* wisechoiceUITests.xctest */,
			);
			name = Products;
			sourceTree = "<group>";
		};
		AA2EE7751BCADD7500DD1948 /* wisechoice */ = {
			isa = PBXGroup;
			children = (
				AA2EE7AA1BCAE31A00DD1948 /* image */,
				AA2EE7A91BCADD8500DD1948 /* ViewController */,
				AA2EE77F1BCADD7500DD1948 /* Main.storyboard */,
				AA2EE7821BCADD7500DD1948 /* Assets.xcassets */,
				AA2EE7841BCADD7500DD1948 /* LaunchScreen.storyboard */,
				AA2EE7C21BCAF3B500DD1948 /* creditcard.plist */,
				AA2EE7871BCADD7500DD1948 /* Info.plist */,
				AA2EE7761BCADD7500DD1948 /* Supporting Files */,
			);
			path = wisechoice;
			sourceTree = "<group>";
		};
		AA2EE7761BCADD7500DD1948 /* Supporting Files */ = {
			isa = PBXGroup;
			children = (
				AA2EE77A1BCADD7500DD1948 /* AppDelegate.m */,
				AA2EE7791BCADD7500DD1948 /* AppDelegate.h */,
				AA2EE7771BCADD7500DD1948 /* main.m */,
			);
			name = "Supporting Files";
			sourceTree = "<group>";
		};
		AA2EE78F1BCADD7600DD1948 /* wisechoiceTests */ = {
			isa = PBXGroup;
			children = (
				AA2EE7901BCADD7600DD1948 /* wisechoiceTests.m */,
				AA2EE7921BCADD7600DD1948 /* Info.plist */,
			);
			path = wisechoiceTests;
			sourceTree = "<group>";
		};
		AA2EE79A1BCADD7600DD1948 /* wisechoiceUITests */ = {
			isa = PBXGroup;
			children = (
				AA2EE79B1BCADD7600DD1948 /* wisechoiceUITests.m */,
				AA2EE79D1BCADD7600DD1948 /* Info.plist */,
			);
			path = wisechoiceUITests;
			sourceTree = "<group>";
		};
		AA2EE7A91BCADD8500DD1948 /* ViewController */ = {
			isa = PBXGroup;
			children = (
				AA2EE77D1BCADD7500DD1948 /* ViewController.m */,
				AA2EE77C1BCADD7500DD1948 /* ViewController.h */,
				AA59A1721BCED01F009BF63B /* CollectionReusableView.h */,
				AA59A1731BCED01F009BF63B /* CollectionReusableView.m */,
				AA3E06551BD1D9C600BC78BB /* LocationViewController.h */,
				AA3E06561BD1D9C600BC78BB /* LocationViewController.m */,
			);
			name = ViewController;
			sourceTree = "<group>";
		};
		AA2EE7AA1BCAE31A00DD1948 /* image */ = {
			isa = PBXGroup;
			children = (
				AA59A16D1BCEB79A009BF63B /* logo */,
				AA2EE7C11BCAE35A00DD1948 /* card */,
			);
			name = image;
			sourceTree = "<group>";
		};
		AA2EE7C11BCAE35A00DD1948 /* card */ = {
			isa = PBXGroup;
			children = (
				AA59A16B1BCD8690009BF63B /* right.png */,
				AA59A1531BCD5D82009BF63B /* card1.png */,
				AA59A1541BCD5D82009BF63B /* card2.png */,
				AA59A1551BCD5D82009BF63B /* card3.png */,
				AA59A1561BCD5D82009BF63B /* card4.png */,
				AA59A1571BCD5D82009BF63B /* card5.png */,
				AA59A1581BCD5D82009BF63B /* card6.png */,
				AA59A1591BCD5D82009BF63B /* card7.png */,
				AA59A15A1BCD5D82009BF63B /* card8.png */,
				AA59A15B1BCD5D82009BF63B /* card9.png */,
				AA59A15C1BCD5D82009BF63B /* card10.png */,
				AA59A15D1BCD5D82009BF63B /* card11.png */,
			);
			name = card;
			sourceTree = "<group>";
		};
		AA59A16D1BCEB79A009BF63B /* logo */ = {
			isa = PBXGroup;
			children = (
				AA59A1751BCED933009BF63B /* citi_logo.jpeg */,
				AA59A16E1BCEB7C4009BF63B /* chase_logo.png */,
				AA59A16F1BCEB7C4009BF63B /* bank_logo.png */,
			);
			name = logo;
			sourceTree = "<group>";
		};
/* End PBXGroup section */

/* Begin PBXNativeTarget section */
		AA2EE7721BCADD7500DD1948 /* wisechoice */ = {
			isa = PBXNativeTarget;
			buildConfigurationList = AA2EE7A01BCADD7600DD1948 /* Build configuration list for PBXNativeTarget "wisechoice" */;
			buildPhases = (
				958B7A5D94907007F72C9332 /* Check Pods Manifest.lock */,
				AA2EE76F1BCADD7500DD1948 /* Sources */,
				AA2EE7701BCADD7500DD1948 /* Frameworks */,
				AA2EE7711BCADD7500DD1948 /* Resources */,
				1648203F27D607F1993176A8 /* Embed Pods Frameworks */,
				3687E709FEAE477298A5AE8C /* Copy Pods Resources */,
			);
			buildRules = (
			);
			dependencies = (
			);
			name = wisechoice;
			productName = wisechoice;
			productReference = AA2EE7731BCADD7500DD1948 /* wisechoice.app */;
			productType = "com.apple.product-type.application";
		};
		AA2EE78B1BCADD7600DD1948 /* wisechoiceTests */ = {
			isa = PBXNativeTarget;
			buildConfigurationList = AA2EE7A31BCADD7600DD1948 /* Build configuration list for PBXNativeTarget "wisechoiceTests" */;
			buildPhases = (
				AA2EE7881BCADD7600DD1948 /* Sources */,
				AA2EE7891BCADD7600DD1948 /* Frameworks */,
				AA2EE78A1BCADD7600DD1948 /* Resources */,
			);
			buildRules = (
			);
			dependencies = (
				AA2EE78E1BCADD7600DD1948 /* PBXTargetDependency */,
			);
			name = wisechoiceTests;
			productName = wisechoiceTests;
			productReference = AA2EE78C1BCADD7600DD1948 /* wisechoiceTests.xctest */;
			productType = "com.apple.product-type.bundle.unit-test";
		};
		AA2EE7961BCADD7600DD1948 /* wisechoiceUITests */ = {
			isa = PBXNativeTarget;
			buildConfigurationList = AA2EE7A61BCADD7600DD1948 /* Build configuration list for PBXNativeTarget "wisechoiceUITests" */;
			buildPhases = (
				AA2EE7931BCADD7600DD1948 /* Sources */,
				AA2EE7941BCADD7600DD1948 /* Frameworks */,
				AA2EE7951BCADD7600DD1948 /* Resources */,
			);
			buildRules = (
			);
			dependencies = (
				AA2EE7991BCADD7600DD1948 /* PBXTargetDependency */,
			);
			name = wisechoiceUITests;
			productName = wisechoiceUITests;
			productReference = AA2EE7971BCADD7600DD1948 /* wisechoiceUITests.xctest */;
			productType = "com.apple.product-type.bundle.ui-testing";
		};
/* End PBXNativeTarget section */

/* Begin PBXProject section */
		AA2EE76B1BCADD7500DD1948 /* Project object */ = {
			isa = PBXProject;
			attributes = {
				LastUpgradeCheck = 0700;
				ORGANIZATIONNAME = boyu;
				TargetAttributes = {
					AA2EE7721BCADD7500DD1948 = {
						CreatedOnToolsVersion = 7.0.1;
					};
					AA2EE78B1BCADD7600DD1948 = {
						CreatedOnToolsVersion = 7.0.1;
						TestTargetID = AA2EE7721BCADD7500DD1948;
					};
					AA2EE7961BCADD7600DD1948 = {
						CreatedOnToolsVersion = 7.0.1;
						TestTargetID = AA2EE7721BCADD7500DD1948;
					};
				};
			};
			buildConfigurationList = AA2EE76E1BCADD7500DD1948 /* Build configuration list for PBXProject "wisechoice" */;
			compatibilityVersion = "Xcode 3.2";
			developmentRegion = English;
			hasScannedForEncodings = 0;
			knownRegions = (
				en,
				Base,
			);
			mainGroup = AA2EE76A1BCADD7500DD1948;
			productRefGroup = AA2EE7741BCADD7500DD1948 /* Products */;
			projectDirPath = "";
			projectRoot = "";
			targets = (
				AA2EE7721BCADD7500DD1948 /* wisechoice */,
				AA2EE78B1BCADD7600DD1948 /* wisechoiceTests */,
				AA2EE7961BCADD7600DD1948 /* wisechoiceUITests */,
			);
		};
/* End PBXProject section */

/* Begin PBXResourcesBuildPhase section */
		AA2EE7711BCADD7500DD1948 /* Resources */ = {
			isa = PBXResourcesBuildPhase;
			buildActionMask = 2147483647;
			files = (
				AA59A1671BCD5D82009BF63B /* card10.png in Resources */,
				AA59A1661BCD5D82009BF63B /* card9.png in Resources */,
				AA59A1601BCD5D82009BF63B /* card3.png in Resources */,
				AA2EE7861BCADD7500DD1948 /* LaunchScreen.storyboard in Resources */,
				AA59A1711BCEB7C4009BF63B /* bank_logo.png in Resources */,
				AA59A1611BCD5D82009BF63B /* card4.png in Resources */,
				AA2EE7831BCADD7500DD1948 /* Assets.xcassets in Resources */,
				AA2EE7C31BCAF3B500DD1948 /* creditcard.plist in Resources */,
				AA59A15E1BCD5D82009BF63B /* card1.png in Resources */,
				AA59A1701BCEB7C4009BF63B /* chase_logo.png in Resources */,
				AA59A15F1BCD5D82009BF63B /* card2.png in Resources */,
				AA59A1621BCD5D82009BF63B /* card5.png in Resources */,
				AA59A16C1BCD8690009BF63B /* right.png in Resources */,
				AA59A1641BCD5D82009BF63B /* card7.png in Resources */,
				AA59A1631BCD5D82009BF63B /* card6.png in Resources */,
				AA59A1651BCD5D82009BF63B /* card8.png in Resources */,
				AA59A1681BCD5D82009BF63B /* card11.png in Resources */,
				AA2EE7811BCADD7500DD1948 /* Main.storyboard in Resources */,
				AA59A1761BCED933009BF63B /* citi_logo.jpeg in Resources */,
			);
			runOnlyForDeploymentPostprocessing = 0;
		};
		AA2EE78A1BCADD7600DD1948 /* Resources */ = {
			isa = PBXResourcesBuildPhase;
			buildActionMask = 2147483647;
			files = (
			);
			runOnlyForDeploymentPostprocessing = 0;
		};
		AA2EE7951BCADD7600DD1948 /* Resources */ = {
			isa = PBXResourcesBuildPhase;
			buildActionMask = 2147483647;
			files = (
			);
			runOnlyForDeploymentPostprocessing = 0;
		};
/* End PBXResourcesBuildPhase section */

/* Begin PBXShellScriptBuildPhase section */
		1648203F27D607F1993176A8 /* Embed Pods Frameworks */ = {
			isa = PBXShellScriptBuildPhase;
			buildActionMask = 2147483647;
			files = (
			);
			inputPaths = (
			);
			name = "Embed Pods Frameworks";
			outputPaths = (
			);
			runOnlyForDeploymentPostprocessing = 0;
			shellPath = /bin/sh;
			shellScript = "\"${SRCROOT}/Pods/Target Support Files/Pods/Pods-frameworks.sh\"\n";
			showEnvVarsInLog = 0;
		};
		3687E709FEAE477298A5AE8C /* Copy Pods Resources */ = {
			isa = PBXShellScriptBuildPhase;
			buildActionMask = 2147483647;
			files = (
			);
			inputPaths = (
			);
			name = "Copy Pods Resources";
			outputPaths = (
			);
			runOnlyForDeploymentPostprocessing = 0;
			shellPath = /bin/sh;
			shellScript = "\"${SRCROOT}/Pods/Target Support Files/Pods/Pods-resources.sh\"\n";
			showEnvVarsInLog = 0;
		};
		958B7A5D94907007F72C9332 /* Check Pods Manifest.lock */ = {
			isa = PBXShellScriptBuildPhase;
			buildActionMask = 2147483647;
			files = (
			);
			inputPaths = (
			);
			name = "Check Pods Manifest.lock";
			outputPaths = (
			);
			runOnlyForDeploymentPostprocessing = 0;
			shellPath = /bin/sh;
			shellScript = "diff \"${PODS_ROOT}/../Podfile.lock\" \"${PODS_ROOT}/Manifest.lock\" > /dev/null\nif [[ $? != 0 ]] ; then\n    cat << EOM\nerror: The sandbox is not in sync with the Podfile.lock. Run 'pod install' or update your CocoaPods installation.\nEOM\n    exit 1\nfi\n";
			showEnvVarsInLog = 0;
		};
/* End PBXShellScriptBuildPhase section */

/* Begin PBXSourcesBuildPhase section */
		AA2EE76F1BCADD7500DD1948 /* Sources */ = {
			isa = PBXSourcesBuildPhase;
			buildActionMask = 2147483647;
			files = (
				AA2EE77E1BCADD7500DD1948 /* ViewController.m in Sources */,
				AA59A1741BCED01F009BF63B /* CollectionReusableView.m in Sources */,
				AA2EE77B1BCADD7500DD1948 /* AppDelegate.m in Sources */,
				AA2EE7781BCADD7500DD1948 /* main.m in Sources */,
				AA3E06571BD1D9C600BC78BB /* LocationViewController.m in Sources */,
			);
			runOnlyForDeploymentPostprocessing = 0;
		};
		AA2EE7881BCADD7600DD1948 /* Sources */ = {
			isa = PBXSourcesBuildPhase;
			buildActionMask = 2147483647;
			files = (
				AA2EE7911BCADD7600DD1948 /* wisechoiceTests.m in Sources */,
			);
			runOnlyForDeploymentPostprocessing = 0;
		};
		AA2EE7931BCADD7600DD1948 /* Sources */ = {
			isa = PBXSourcesBuildPhase;
			buildActionMask = 2147483647;
			files = (
				AA2EE79C1BCADD7600DD1948 /* wisechoiceUITests.m in Sources */,
			);
			runOnlyForDeploymentPostprocessing = 0;
		};
/* End PBXSourcesBuildPhase section */

/* Begin PBXTargetDependency section */
		AA2EE78E1BCADD7600DD1948 /* PBXTargetDependency */ = {
			isa = PBXTargetDependency;
			target = AA2EE7721BCADD7500DD1948 /* wisechoice */;
			targetProxy = AA2EE78D1BCADD7600DD1948 /* PBXContainerItemProxy */;
		};
		AA2EE7991BCADD7600DD1948 /* PBXTargetDependency */ = {
			isa = PBXTargetDependency;
			target = AA2EE7721BCADD7500DD1948 /* wisechoice */;
			targetProxy = AA2EE7981BCADD7600DD1948 /* PBXContainerItemProxy */;
		};
/* End PBXTargetDependency section */

/* Begin PBXVariantGroup section */
		AA2EE77F1BCADD7500DD1948 /* Main.storyboard */ = {
			isa = PBXVariantGroup;
			children = (
				AA2EE7801BCADD7500DD1948 /* Base */,
			);
			name = Main.storyboard;
			sourceTree = "<group>";
		};
		AA2EE7841BCADD7500DD1948 /* LaunchScreen.storyboard */ = {
			isa = PBXVariantGroup;
			children = (
				AA2EE7851BCADD7500DD1948 /* Base */,
			);
			name = LaunchScreen.storyboard;
			sourceTree = "<group>";
		};
/* End PBXVariantGroup section */

/* Begin XCBuildConfiguration section */
		AA2EE79E1BCADD7600DD1948 /* Debug */ = {
			isa = XCBuildConfiguration;
			buildSettings = {
				ALWAYS_SEARCH_USER_PATHS = NO;
				CLANG_CXX_LANGUAGE_STANDARD = "gnu++0x";
				CLANG_CXX_LIBRARY = "libc++";
				CLANG_ENABLE_MODULES = YES;
				CLANG_ENABLE_OBJC_ARC = YES;
				CLANG_WARN_BOOL_CONVERSION = YES;
				CLANG_WARN_CONSTANT_CONVERSION = YES;
				CLANG_WARN_DIRECT_OBJC_ISA_USAGE = YES_ERROR;
				CLANG_WARN_EMPTY_BODY = YES;
				CLANG_WARN_ENUM_CONVERSION = YES;
				CLANG_WARN_INT_CONVERSION = YES;
				CLANG_WARN_OBJC_ROOT_CLASS = YES_ERROR;
				CLANG_WARN_UNREACHABLE_CODE = YES;
				CLANG_WARN__DUPLICATE_METHOD_MATCH = YES;
				"CODE_SIGN_IDENTITY[sdk=iphoneos*]" = "iPhone Developer";
				COPY_PHASE_STRIP = NO;
				DEBUG_INFORMATION_FORMAT = dwarf;
				ENABLE_STRICT_OBJC_MSGSEND = YES;
				ENABLE_TESTABILITY = YES;
				FOURSQUARE_CALLBACK_URL = "";
				GCC_C_LANGUAGE_STANDARD = gnu99;
				GCC_DYNAMIC_NO_PIC = NO;
				GCC_NO_COMMON_BLOCKS = YES;
				GCC_OPTIMIZATION_LEVEL = 0;
				GCC_PREPROCESSOR_DEFINITIONS = (
					"DEBUG=1",
					"$(inherited)",
				);
				GCC_WARN_64_TO_32_BIT_CONVERSION = YES;
				GCC_WARN_ABOUT_RETURN_TYPE = YES_ERROR;
				GCC_WARN_UNDECLARED_SELECTOR = YES;
				GCC_WARN_UNINITIALIZED_AUTOS = YES_AGGRESSIVE;
				GCC_WARN_UNUSED_FUNCTION = YES;
				GCC_WARN_UNUSED_VARIABLE = YES;
				IPHONEOS_DEPLOYMENT_TARGET = 9.0;
				MTL_ENABLE_DEBUG_INFO = YES;
				ONLY_ACTIVE_ARCH = NO;
				SDKROOT = iphoneos;
				TARGETED_DEVICE_FAMILY = "1,2";
			};
			name = Debug;
		};
		AA2EE79F1BCADD7600DD1948 /* Release */ = {
			isa = XCBuildConfiguration;
			buildSettings = {
				ALWAYS_SEARCH_USER_PATHS = NO;
				CLANG_CXX_LANGUAGE_STANDARD = "gnu++0x";
				CLANG_CXX_LIBRARY = "libc++";
				CLANG_ENABLE_MODULES = YES;
				CLANG_ENABLE_OBJC_ARC = YES;
				CLANG_WARN_BOOL_CONVERSION = YES;
				CLANG_WARN_CONSTANT_CONVERSION = YES;
				CLANG_WARN_DIRECT_OBJC_ISA_USAGE = YES_ERROR;
				CLANG_WARN_EMPTY_BODY = YES;
				CLANG_WARN_ENUM_CONVERSION = YES;
				CLANG_WARN_INT_CONVERSION = YES;
				CLANG_WARN_OBJC_ROOT_CLASS = YES_ERROR;
				CLANG_WARN_UNREACHABLE_CODE = YES;
				CLANG_WARN__DUPLICATE_METHOD_MATCH = YES;
				"CODE_SIGN_IDENTITY[sdk=iphoneos*]" = "iPhone Developer";
				COPY_PHASE_STRIP = NO;
				DEBUG_INFORMATION_FORMAT = "dwarf-with-dsym";
				ENABLE_NS_ASSERTIONS = NO;
				ENABLE_STRICT_OBJC_MSGSEND = YES;
				FOURSQUARE_CALLBACK_URL = "";
				GCC_C_LANGUAGE_STANDARD = gnu99;
				GCC_NO_COMMON_BLOCKS = YES;
				GCC_WARN_64_TO_32_BIT_CONVERSION = YES;
				GCC_WARN_ABOUT_RETURN_TYPE = YES_ERROR;
				GCC_WARN_UNDECLARED_SELECTOR = YES;
				GCC_WARN_UNINITIALIZED_AUTOS = YES_AGGRESSIVE;
				GCC_WARN_UNUSED_FUNCTION = YES;
				GCC_WARN_UNUSED_VARIABLE = YES;
				IPHONEOS_DEPLOYMENT_TARGET = 9.0;
				MTL_ENABLE_DEBUG_INFO = NO;
				ONLY_ACTIVE_ARCH = NO;
				SDKROOT = iphoneos;
				TARGETED_DEVICE_FAMILY = "1,2";
				VALIDATE_PRODUCT = YES;
			};
			name = Release;
		};
		AA2EE7A11BCADD7600DD1948 /* Debug */ = {
			isa = XCBuildConfiguration;
			baseConfigurationReference = F7A7B9747D9C27ED198BE81E /* Pods.debug.xcconfig */;
			buildSettings = {
				ASSETCATALOG_COMPILER_APPICON_NAME = AppIcon;
				FOURSQUARE_CALLBACK_URL = "http://www.wisechoice.com/";
				FOURSQUARE_CLIENT_ID = J1RQF0PO3ULRJPTPWHIGGSY51NKUCA2OEMWIYKUO4F4V2VB0;
				FOURSQUARE_CLIENT_SECRET = JGETLTUH0Y22LE4Y44OS4ZII5CT1QLPW34I4JZEJ2H4POD4W;
				INFOPLIST_FILE = wisechoice/Info.plist;
				LD_RUNPATH_SEARCH_PATHS = "$(inherited) @executable_path/Frameworks";
				LIBRARY_SEARCH_PATHS = (
					"$(inherited)",
					"$(PROJECT_DIR)/build/Debug-iphoneos",
				);
				PRODUCT_BUNDLE_IDENTIFIER = boyu.com.wisechoice;
				PRODUCT_NAME = "$(TARGET_NAME)";
			};
			name = Debug;
		};
		AA2EE7A21BCADD7600DD1948 /* Release */ = {
			isa = XCBuildConfiguration;
			baseConfigurationReference = 32F20B89215F7C063EF36AFE /* Pods.release.xcconfig */;
			buildSettings = {
				ASSETCATALOG_COMPILER_APPICON_NAME = AppIcon;
				FOURSQUARE_CALLBACK_URL = "http://www.wisechoice.com/";
				FOURSQUARE_CLIENT_ID = J1RQF0PO3ULRJPTPWHIGGSY51NKUCA2OEMWIYKUO4F4V2VB0;
				FOURSQUARE_CLIENT_SECRET = JGETLTUH0Y22LE4Y44OS4ZII5CT1QLPW34I4JZEJ2H4POD4W;
				INFOPLIST_FILE = wisechoice/Info.plist;
				LD_RUNPATH_SEARCH_PATHS = "$(inherited) @executable_path/Frameworks";
				LIBRARY_SEARCH_PATHS = (
					"$(inherited)",
					"$(PROJECT_DIR)/build/Debug-iphoneos",
				);
				PRODUCT_BUNDLE_IDENTIFIER = boyu.com.wisechoice;
				PRODUCT_NAME = "$(TARGET_NAME)";
			};
			name = Release;
		};
		AA2EE7A41BCADD7600DD1948 /* Debug */ = {
			isa = XCBuildConfiguration;
			buildSettings = {
				BUNDLE_LOADER = "$(TEST_HOST)";
				INFOPLIST_FILE = wisechoiceTests/Info.plist;
				LD_RUNPATH_SEARCH_PATHS = "$(inherited) @executable_path/Frameworks @loader_path/Frameworks";
				PRODUCT_BUNDLE_IDENTIFIER = boyu.com.wisechoiceTests;
				PRODUCT_NAME = "$(TARGET_NAME)";
				TEST_HOST = "$(BUILT_PRODUCTS_DIR)/wisechoice.app/wisechoice";
			};
			name = Debug;
		};
		AA2EE7A51BCADD7600DD1948 /* Release */ = {
			isa = XCBuildConfiguration;
			buildSettings = {
				BUNDLE_LOADER = "$(TEST_HOST)";
				INFOPLIST_FILE = wisechoiceTests/Info.plist;
				LD_RUNPATH_SEARCH_PATHS = "$(inherited) @executable_path/Frameworks @loader_path/Frameworks";
				PRODUCT_BUNDLE_IDENTIFIER = boyu.com.wisechoiceTests;
				PRODUCT_NAME = "$(TARGET_NAME)";
				TEST_HOST = "$(BUILT_PRODUCTS_DIR)/wisechoice.app/wisechoice";
			};
			name = Release;
		};
		AA2EE7A71BCADD7600DD1948 /* Debug */ = {
			isa = XCBuildConfiguration;
			buildSettings = {
				INFOPLIST_FILE = wisechoiceUITests/Info.plist;
				LD_RUNPATH_SEARCH_PATHS = "$(inherited) @executable_path/Frameworks @loader_path/Frameworks";
				PRODUCT_BUNDLE_IDENTIFIER = boyu.com.wisechoiceUITests;
				PRODUCT_NAME = "$(TARGET_NAME)";
				TEST_TARGET_NAME = wisechoice;
				USES_XCTRUNNER = YES;
			};
			name = Debug;
		};
		AA2EE7A81BCADD7600DD1948 /* Release */ = {
			isa = XCBuildConfiguration;
			buildSettings = {
				INFOPLIST_FILE = wisechoiceUITests/Info.plist;
				LD_RUNPATH_SEARCH_PATHS = "$(inherited) @executable_path/Frameworks @loader_path/Frameworks";
				PRODUCT_BUNDLE_IDENTIFIER = boyu.com.wisechoiceUITests;
				PRODUCT_NAME = "$(TARGET_NAME)";
				TEST_TARGET_NAME = wisechoice;
				USES_XCTRUNNER = YES;
			};
			name = Release;
		};
/* End XCBuildConfiguration section */

/* Begin XCConfigurationList section */
		AA2EE76E1BCADD7500DD1948 /* Build configuration list for PBXProject "wisechoice" */ = {
			isa = XCConfigurationList;
			buildConfigurations = (
				AA2EE79E1BCADD7600DD1948 /* Debug */,
				AA2EE79F1BCADD7600DD1948 /* Release */,
			);
			defaultConfigurationIsVisible = 0;
			defaultConfigurationName = Release;
		};
		AA2EE7A01BCADD7600DD1948 /* Build configuration list for PBXNativeTarget "wisechoice" */ = {
			isa = XCConfigurationList;
			buildConfigurations = (
				AA2EE7A11BCADD7600DD1948 /* Debug */,
				AA2EE7A21BCADD7600DD1948 /* Release */,
			);
			defaultConfigurationIsVisible = 0;
			defaultConfigurationName = Release;
		};
		AA2EE7A31BCADD7600DD1948 /* Build configuration list for PBXNativeTarget "wisechoiceTests" */ = {
			isa = XCConfigurationList;
			buildConfigurations = (
				AA2EE7A41BCADD7600DD1948 /* Debug */,
				AA2EE7A51BCADD7600DD1948 /* Release */,
			);
			defaultConfigurationIsVisible = 0;
			defaultConfigurationName = Release;
		};
		AA2EE7A61BCADD7600DD1948 /* Build configuration list for PBXNativeTarget "wisechoiceUITests" */ = {
			isa = XCConfigurationList;
			buildConfigurations = (
				AA2EE7A71BCADD7600DD1948 /* Debug */,
				AA2EE7A81BCADD7600DD1948 /* Release */,
			);
			defaultConfigurationIsVisible = 0;
			defaultConfigurationName = Release;
		};
/* End XCConfigurationList section */
	};
	rootObject = AA2EE76B1BCADD7500DD1948 /* Project object */;
}
